# This file is automatically @generated by Cargo.
# It is not intended for manual editing.
version = 3

[[package]]
name = "array2d"
version = "0.3.0"
source = "registry+https://github.com/rust-lang/crates.io-index"
checksum = "79093d31d0a9c7832c71ad74dd945b7861f721e6f242aa67be253a5eecbac937"

[[package]]
name = "cc"
version = "1.0.79"
source = "registry+https://github.com/rust-lang/crates.io-index"
checksum = "50d30906286121d95be3d479533b458f87493b30a4b5f79a607db8f5d11aa91f"

[[package]]
name = "libc"
version = "0.2.141"
source = "registry+https://github.com/rust-lang/crates.io-index"
checksum = "3304a64d199bb964be99741b7a14d26972741915b3649639149b2479bb46f4b5"

[[package]]
name = "tikv-jemalloc-sys"
version = "0.5.3+5.3.0-patched"
source = "registry+https://github.com/rust-lang/crates.io-index"
checksum = "a678df20055b43e57ef8cddde41cdfda9a3c1a060b67f4c5836dfb1d78543ba8"
dependencies = [
 "cc",
 "libc",
]

[[package]]
name = "tikv-jemallocator"
version = "0.5.0"
source = "registry+https://github.com/rust-lang/crates.io-index"
checksum = "20612db8a13a6c06d57ec83953694185a367e16945f66565e8028d2c0bd76979"
dependencies = [
 "libc",
 "tikv-jemalloc-sys",
]

[[package]]
name = "tsp-solver"
version = "0.1.0"
dependencies = [
 "array2d",
 "tikv-jemallocator",
]
